
Microsoft Visual Studio Solution File, Format Version 12.00
# Visual Studio Version 16
VisualStudioVersion = 16.0.30225.117
MinimumVisualStudioVersion = 10.0.40219.1
Project("{8BC9CEB8-8B4A-11D0-8D11-00A0C91BC942}") = "Корень квадратный", "Корень квадратный.vcxproj", "{8B86C34C-7BCB-4571-94B1-88EBB54205DB}"
EndProject
Global
	GlobalSection(SolutionConfigurationPlatforms) = preSolution
		Debug|x64 = Debug|x64
		Debug|x86 = Debug|x86
		Release|x64 = Release|x64
		Release|x86 = Release|x86
	EndGlobalSection
	GlobalSection(ProjectConfigurationPlatforms) = postSolution
		{8B86C34C-7BCB-4571-94B1-88EBB54205DB}.Debug|x64.ActiveCfg = Debug|x64
		{8B86C34C-7BCB-4571-94B1-88EBB54205DB}.Debug|x64.Build.0 = Debug|x64
		{8B86C34C-7BCB-4571-94B1-88EBB54205DB}.Debug|x86.ActiveCfg = Debug|Win32
		{8B86C34C-7BCB-4571-94B1-88EBB54205DB}.Debug|x86.Build.0 = Debug|Win32
		{8B86C34C-7BCB-4571-94B1-88EBB54205DB}.Release|x64.ActiveCfg = Release|x64
		{8B86C34C-7BCB-4571-94B1-88EBB54205DB}.Release|x64.Build.0 = Release|x64
		{8B86C34C-7BCB-4571-94B1-88EBB54205DB}.Release|x86.ActiveCfg = Release|Win32
		{8B86C34C-7BCB-4571-94B1-88EBB54205DB}.Release|x86.Build.0 = Release|Win32
	EndGlobalSection
	GlobalSection(SolutionProperties) = preSolution
		HideSolutionNode = FALSE
	EndGlobalSection
	GlobalSection(ExtensibilityGlobals) = postSolution
		SolutionGuid = {025211B7-44F4-4DA0-9FBF-8AEE839ACDC0}
	EndGlobalSection
EndGlobal
